// !$*UTF8*$!
{
	archiveVersion = 1;
	classes = {
	};
	objectVersion = 48;
	objects = {

/* Begin PBXBuildFile section */
		976557091FAB2C1600070D7A /* AppDelegate.swift in Sources */ = {isa = PBXBuildFile; fileRef = 976557081FAB2C1600070D7A /* AppDelegate.swift */; };
		9765570B1FAB2C1600070D7A /* ViewController.swift in Sources */ = {isa = PBXBuildFile; fileRef = 9765570A1FAB2C1600070D7A /* ViewController.swift */; };
		9765570E1FAB2C1600070D7A /* Main.storyboard in Resources */ = {isa = PBXBuildFile; fileRef = 9765570C1FAB2C1600070D7A /* Main.storyboard */; };
		976557101FAB2C1600070D7A /* Assets.xcassets in Resources */ = {isa = PBXBuildFile; fileRef = 9765570F1FAB2C1600070D7A /* Assets.xcassets */; };
		976557131FAB2C1600070D7A /* LaunchScreen.storyboard in Resources */ = {isa = PBXBuildFile; fileRef = 976557111FAB2C1600070D7A /* LaunchScreen.storyboard */; };
		9765571E1FAB2C1600070D7A /* ToDoAppTutorialTests.swift in Sources */ = {isa = PBXBuildFile; fileRef = 9765571D1FAB2C1600070D7A /* ToDoAppTutorialTests.swift */; };
		976557291FAB2C1600070D7A /* ToDoAppTutorialUITests.swift in Sources */ = {isa = PBXBuildFile; fileRef = 976557281FAB2C1600070D7A /* ToDoAppTutorialUITests.swift */; };
/* End PBXBuildFile section */

/* Begin PBXContainerItemProxy section */
		9765571A1FAB2C1600070D7A /* PBXContainerItemProxy */ = {
			isa = PBXContainerItemProxy;
			containerPortal = 976556FD1FAB2C1500070D7A /* Project object */;
			proxyType = 1;
			remoteGlobalIDString = 976557041FAB2C1600070D7A;
			remoteInfo = ToDoAppTutorial;
		};
		976557251FAB2C1600070D7A /* PBXContainerItemProxy */ = {
			isa = PBXContainerItemProxy;
			containerPortal = 976556FD1FAB2C1500070D7A /* Project object */;
			proxyType = 1;
			remoteGlobalIDString = 976557041FAB2C1600070D7A;
			remoteInfo = ToDoAppTutorial;
		};
/* End PBXContainerItemProxy section */

/* Begin PBXFileReference section */
		976557051FAB2C1600070D7A /* ToDoAppTutorial.app */ = {isa = PBXFileReference; explicitFileType = wrapper.application; includeInIndex = 0; path = ToDoAppTutorial.app; sourceTree = BUILT_PRODUCTS_DIR; };
		976557081FAB2C1600070D7A /* AppDelegate.swift */ = {isa = PBXFileReference; lastKnownFileType = sourcecode.swift; path = AppDelegate.swift; sourceTree = "<group>"; };
		9765570A1FAB2C1600070D7A /* ViewController.swift */ = {isa = PBXFileReference; lastKnownFileType = sourcecode.swift; path = ViewController.swift; sourceTree = "<group>"; };
		9765570D1FAB2C1600070D7A /* Base */ = {isa = PBXFileReference; lastKnownFileType = file.storyboard; name = Base; path = Base.lproj/Main.storyboard; sourceTree = "<group>"; };
		9765570F1FAB2C1600070D7A /* Assets.xcassets */ = {isa = PBXFileReference; lastKnownFileType = folder.assetcatalog; path = Assets.xcassets; sourceTree = "<group>"; };
		976557121FAB2C1600070D7A /* Base */ = {isa = PBXFileReference; lastKnownFileType = file.storyboard; name = Base; path = Base.lproj/LaunchScreen.storyboard; sourceTree = "<group>"; };
		976557141FAB2C1600070D7A /* Info.plist */ = {isa = PBXFileReference; lastKnownFileType = text.plist.xml; path = Info.plist; sourceTree = "<group>"; };
		976557191FAB2C1600070D7A /* ToDoAppTutorialTests.xctest */ = {isa = PBXFileReference; explicitFileType = wrapper.cfbundle; includeInIndex = 0; path = ToDoAppTutorialTests.xctest; sourceTree = BUILT_PRODUCTS_DIR; };
		9765571D1FAB2C1600070D7A /* ToDoAppTutorialTests.swift */ = {isa = PBXFileReference; lastKnownFileType = sourcecode.swift; path = ToDoAppTutorialTests.swift; sourceTree = "<group>"; };
		9765571F1FAB2C1600070D7A /* Info.plist */ = {isa = PBXFileReference; lastKnownFileType = text.plist.xml; path = Info.plist; sourceTree = "<group>"; };
		976557241FAB2C1600070D7A /* ToDoAppTutorialUITests.xctest */ = {isa = PBXFileReference; explicitFileType = wrapper.cfbundle; includeInIndex = 0; path = ToDoAppTutorialUITests.xctest; sourceTree = BUILT_PRODUCTS_DIR; };
		976557281FAB2C1600070D7A /* ToDoAppTutorialUITests.swift */ = {isa = PBXFileReference; lastKnownFileType = sourcecode.swift; path = ToDoAppTutorialUITests.swift; sourceTree = "<group>"; };
		9765572A1FAB2C1600070D7A /* Info.plist */ = {isa = PBXFileReference; lastKnownFileType = text.plist.xml; path = Info.plist; sourceTree = "<group>"; };
/* End PBXFileReference section */

/* Begin PBXFrameworksBuildPhase section */
		976557021FAB2C1600070D7A /* Frameworks */ = {
			isa = PBXFrameworksBuildPhase;
			buildActionMask = 2147483647;
			files = (
			);
			runOnlyForDeploymentPostprocessing = 0;
		};
		976557161FAB2C1600070D7A /* Frameworks */ = {
			isa = PBXFrameworksBuildPhase;
			buildActionMask = 2147483647;
			files = (
			);
			runOnlyForDeploymentPostprocessing = 0;
		};
		976557211FAB2C1600070D7A /* Frameworks */ = {
			isa = PBXFrameworksBuildPhase;
			buildActionMask = 2147483647;
			files = (
			);
			runOnlyForDeploymentPostprocessing = 0;
		};
/* End PBXFrameworksBuildPhase section */

/* Begin PBXGroup section */
		976556FC1FAB2C1500070D7A = {
			isa = PBXGroup;
			children = (
				976557071FAB2C1600070D7A /* ToDoAppTutorial */,
				9765571C1FAB2C1600070D7A /* ToDoAppTutorialTests */,
				976557271FAB2C1600070D7A /* ToDoAppTutorialUITests */,
				976557061FAB2C1600070D7A /* Products */,
			);
			sourceTree = "<group>";
		};
		976557061FAB2C1600070D7A /* Products */ = {
			isa = PBXGroup;
			children = (
				976557051FAB2C1600070D7A /* ToDoAppTutorial.app */,
				976557191FAB2C1600070D7A /* ToDoAppTutorialTests.xctest */,
				976557241FAB2C1600070D7A /* ToDoAppTutorialUITests.xctest */,
			);
			name = Products;
			sourceTree = "<group>";
		};
		976557071FAB2C1600070D7A /* ToDoAppTutorial */ = {
			isa = PBXGroup;
			children = (
				976557081FAB2C1600070D7A /* AppDelegate.swift */,
				9765570A1FAB2C1600070D7A /* ViewController.swift */,
				9765570C1FAB2C1600070D7A /* Main.storyboard */,
				9765570F1FAB2C1600070D7A /* Assets.xcassets */,
				976557111FAB2C1600070D7A /* LaunchScreen.storyboard */,
				976557141FAB2C1600070D7A /* Info.plist */,
			);
			path = ToDoAppTutorial;
			sourceTree = "<group>";
		};
		9765571C1FAB2C1600070D7A /* ToDoAppTutorialTests */ = {
			isa = PBXGroup;
			children = (
				9765571D1FAB2C1600070D7A /* ToDoAppTutorialTests.swift */,
				9765571F1FAB2C1600070D7A /* Info.plist */,
			);
			path = ToDoAppTutorialTests;
			sourceTree = "<group>";
		};
		976557271FAB2C1600070D7A /* ToDoAppTutorialUITests */ = {
			isa = PBXGroup;
			children = (
				976557281FAB2C1600070D7A /* ToDoAppTutorialUITests.swift */,
				9765572A1FAB2C1600070D7A /* Info.plist */,
			);
			path = ToDoAppTutorialUITests;
			sourceTree = "<group>";
		};
/* End PBXGroup section */

/* Begin PBXNativeTarget section */
		976557041FAB2C1600070D7A /* ToDoAppTutorial */ = {
			isa = PBXNativeTarget;
			buildConfigurationList = 9765572D1FAB2C1600070D7A /* Build configuration list for PBXNativeTarget "ToDoAppTutorial" */;
			buildPhases = (
				976557011FAB2C1600070D7A /* Sources */,
				976557021FAB2C1600070D7A /* Frameworks */,
				976557031FAB2C1600070D7A /* Resources */,
			);
			buildRules = (
			);
			dependencies = (
			);
			name = ToDoAppTutorial;
			productName = ToDoAppTutorial;
			productReference = 976557051FAB2C1600070D7A /* ToDoAppTutorial.app */;
			productType = "com.apple.product-type.application";
		};
		976557181FAB2C1600070D7A /* ToDoAppTutorialTests */ = {
			isa = PBXNativeTarget;
			buildConfigurationList = 976557301FAB2C1600070D7A /* Build configuration list for PBXNativeTarget "ToDoAppTutorialTests" */;
			buildPhases = (
				976557151FAB2C1600070D7A /* Sources */,
				976557161FAB2C1600070D7A /* Frameworks */,
				976557171FAB2C1600070D7A /* Resources */,
			);
			buildRules = (
			);
			dependencies = (
				9765571B1FAB2C1600070D7A /* PBXTargetDependency */,
			);
			name = ToDoAppTutorialTests;
			productName = ToDoAppTutorialTests;
			productReference = 976557191FAB2C1600070D7A /* ToDoAppTutorialTests.xctest */;
			productType = "com.apple.product-type.bundle.unit-test";
		};
		976557231FAB2C1600070D7A /* ToDoAppTutorialUITests */ = {
			isa = PBXNativeTarget;
			buildConfigurationList = 976557331FAB2C1600070D7A /* Build configuration list for PBXNativeTarget "ToDoAppTutorialUITests" */;
			buildPhases = (
				976557201FAB2C1600070D7A /* Sources */,
				976557211FAB2C1600070D7A /* Frameworks */,
				976557221FAB2C1600070D7A /* Resources */,
			);
			buildRules = (
			);
			dependencies = (
				976557261FAB2C1600070D7A /* PBXTargetDependency */,
			);
			name = ToDoAppTutorialUITests;
			productName = ToDoAppTutorialUITests;
			productReference = 976557241FAB2C1600070D7A /* ToDoAppTutorialUITests.xctest */;
			productType = "com.apple.product-type.bundle.ui-testing";
		};
/* End PBXNativeTarget section */

/* Begin PBXProject section */
		976556FD1FAB2C1500070D7A /* Project object */ = {
			isa = PBXProject;
			attributes = {
				LastSwiftUpdateCheck = 0910;
				LastUpgradeCheck = 0910;
				ORGANIZATIONNAME = "三輪輝直";
				TargetAttributes = {
					976557041FAB2C1600070D7A = {
						CreatedOnToolsVersion = 9.1;
						ProvisioningStyle = Automatic;
					};
					976557181FAB2C1600070D7A = {
						CreatedOnToolsVersion = 9.1;
						ProvisioningStyle = Automatic;
						TestTargetID = 976557041FAB2C1600070D7A;
					};
					976557231FAB2C1600070D7A = {
						CreatedOnToolsVersion = 9.1;
						ProvisioningStyle = Automatic;
						TestTargetID = 976557041FAB2C1600070D7A;
					};
				};
			};
			buildConfigurationList = 976557001FAB2C1500070D7A /* Build configuration list for PBXProject "ToDoAppTutorial" */;
			compatibilityVersion = "Xcode 8.0";
			developmentRegion = en;
			hasScannedForEncodings = 0;
			knownRegions = (
				en,
				Base,
			);
			mainGroup = 976556FC1FAB2C1500070D7A;
			productRefGroup = 976557061FAB2C1600070D7A /* Products */;
			projectDirPath = "";
			projectRoot = "";
			targets = (
				976557041FAB2C1600070D7A /* ToDoAppTutorial */,
				976557181FAB2C1600070D7A /* ToDoAppTutorialTests */,
				976557231FAB2C1600070D7A /* ToDoAppTutorialUITests */,
			);
		};
/* End PBXProject section */

/* Begin PBXResourcesBuildPhase section */
		976557031FAB2C1600070D7A /* Resources */ = {
			isa = PBXResourcesBuildPhase;
			buildActionMask = 2147483647;
			files = (
				976557131FAB2C1600070D7A /* LaunchScreen.storyboard in Resources */,
				976557101FAB2C1600070D7A /* Assets.xcassets in Resources */,
				9765570E1FAB2C1600070D7A /* Main.storyboard in Resources */,
			);
			runOnlyForDeploymentPostprocessing = 0;
		};
		976557171FAB2C1600070D7A /* Resources */ = {
			isa = PBXResourcesBuildPhase;
			buildActionMask = 2147483647;
			files = (
			);
			runOnlyForDeploymentPostprocessing = 0;
		};
		976557221FAB2C1600070D7A /* Resources */ = {
			isa = PBXResourcesBuildPhase;
			buildActionMask = 2147483647;
			files = (
			);
			runOnlyForDeploymentPostprocessing = 0;
		};
/* End PBXResourcesBuildPhase section */

/* Begin PBXSourcesBuildPhase section */
		976557011FAB2C1600070D7A /* Sources */ = {
			isa = PBXSourcesBuildPhase;
			buildActionMask = 2147483647;
			files = (
				9765570B1FAB2C1600070D7A /* ViewController.swift in Sources */,
				976557091FAB2C1600070D7A /* AppDelegate.swift in Sources */,
			);
			runOnlyForDeploymentPostprocessing = 0;
		};
		976557151FAB2C1600070D7A /* Sources */ = {
			isa = PBXSourcesBuildPhase;
			buildActionMask = 2147483647;
			files = (
				9765571E1FAB2C1600070D7A /* ToDoAppTutorialTests.swift in Sources */,
			);
			runOnlyForDeploymentPostprocessing = 0;
		};
		976557201FAB2C1600070D7A /* Sources */ = {
			isa = PBXSourcesBuildPhase;
			buildActionMask = 2147483647;
			files = (
				976557291FAB2C1600070D7A /* ToDoAppTutorialUITests.swift in Sources */,
			);
			runOnlyForDeploymentPostprocessing = 0;
		};
/* End PBXSourcesBuildPhase section */

/* Begin PBXTargetDependency section */
		9765571B1FAB2C1600070D7A /* PBXTargetDependency */ = {
			isa = PBXTargetDependency;
			target = 976557041FAB2C1600070D7A /* ToDoAppTutorial */;
			targetProxy = 9765571A1FAB2C1600070D7A /* PBXContainerItemProxy */;
		};
		976557261FAB2C1600070D7A /* PBXTargetDependency */ = {
			isa = PBXTargetDependency;
			target = 976557041FAB2C1600070D7A /* ToDoAppTutorial */;
			targetProxy = 976557251FAB2C1600070D7A /* PBXContainerItemProxy */;
		};
/* End PBXTargetDependency section */

/* Begin PBXVariantGroup section */
		9765570C1FAB2C1600070D7A /* Main.storyboard */ = {
			isa = PBXVariantGroup;
			children = (
				9765570D1FAB2C1600070D7A /* Base */,
			);
			name = Main.storyboard;
			sourceTree = "<group>";
		};
		976557111FAB2C1600070D7A /* LaunchScreen.storyboard */ = {
			isa = PBXVariantGroup;
			children = (
				976557121FAB2C1600070D7A /* Base */,
			);
			name = LaunchScreen.storyboard;
			sourceTree = "<group>";
		};
/* End PBXVariantGroup section */

/* Begin XCBuildConfiguration section */
		9765572B1FAB2C1600070D7A /* Debug */ = {
			isa = XCBuildConfiguration;
			buildSettings = {
				ALWAYS_SEARCH_USER_PATHS = NO;
				CLANG_ANALYZER_NONNULL = YES;
				CLANG_ANALYZER_NUMBER_OBJECT_CONVERSION = YES_AGGRESSIVE;
				CLANG_CXX_LANGUAGE_STANDARD = "gnu++14";
				CLANG_CXX_LIBRARY = "libc++";
				CLANG_ENABLE_MODULES = YES;
				CLANG_ENABLE_OBJC_ARC = YES;
				CLANG_WARN_BLOCK_CAPTURE_AUTORELEASING = YES;
				CLANG_WARN_BOOL_CONVERSION = YES;
				CLANG_WARN_COMMA = YES;
				CLANG_WARN_CONSTANT_CONVERSION = YES;
				CLANG_WARN_DIRECT_OBJC_ISA_USAGE = YES_ERROR;
				CLANG_WARN_DOCUMENTATION_COMMENTS = YES;
				CLANG_WARN_EMPTY_BODY = YES;
				CLANG_WARN_ENUM_CONVERSION = YES;
				CLANG_WARN_INFINITE_RECURSION = YES;
				CLANG_WARN_INT_CONVERSION = YES;
				CLANG_WARN_NON_LITERAL_NULL_CONVERSION = YES;
				CLANG_WARN_OBJC_LITERAL_CONVERSION = YES;
				CLANG_WARN_OBJC_ROOT_CLASS = YES_ERROR;
				CLANG_WARN_RANGE_LOOP_ANALYSIS = YES;
				CLANG_WARN_STRICT_PROTOTYPES = YES;
				CLANG_WARN_SUSPICIOUS_MOVE = YES;
				CLANG_WARN_UNGUARDED_AVAILABILITY = YES_AGGRESSIVE;
				CLANG_WARN_UNREACHABLE_CODE = YES;
				CLANG_WARN__DUPLICATE_METHOD_MATCH = YES;
				CODE_SIGN_IDENTITY = "iPhone Developer";
				COPY_PHASE_STRIP = NO;
				DEBUG_INFORMATION_FORMAT = dwarf;
				ENABLE_STRICT_OBJC_MSGSEND = YES;
				ENABLE_TESTABILITY = YES;
				GCC_C_LANGUAGE_STANDARD = gnu11;
				GCC_DYNAMIC_NO_PIC = NO;
				GCC_NO_COMMON_BLOCKS = YES;
				GCC_OPTIMIZATION_LEVEL = 0;
				GCC_PREPROCESSOR_DEFINITIONS = (
					"DEBUG=1",
					"$(inherited)",
				);
				GCC_WARN_64_TO_32_BIT_CONVERSION = YES;
				GCC_WARN_ABOUT_RETURN_TYPE = YES_ERROR;
				GCC_WARN_UNDECLARED_SELECTOR = YES;
				GCC_WARN_UNINITIALIZED_AUTOS = YES_AGGRESSIVE;
				GCC_WARN_UNUSED_FUNCTION = YES;
				GCC_WARN_UNUSED_VARIABLE = YES;
				IPHONEOS_DEPLOYMENT_TARGET = 11.1;
				MTL_ENABLE_DEBUG_INFO = YES;
				ONLY_ACTIVE_ARCH = YES;
				SDKROOT = iphoneos;
				SWIFT_ACTIVE_COMPILATION_CONDITIONS = DEBUG;
				SWIFT_OPTIMIZATION_LEVEL = "-Onone";
			};
			name = Debug;
		};
		9765572C1FAB2C1600070D7A /* Release */ = {
			isa = XCBuildConfiguration;
			buildSettings = {
				ALWAYS_SEARCH_USER_PATHS = NO;
				CLANG_ANALYZER_NONNULL = YES;
				CLANG_ANALYZER_NUMBER_OBJECT_CONVERSION = YES_AGGRESSIVE;
				CLANG_CXX_LANGUAGE_STANDARD = "gnu++14";
				CLANG_CXX_LIBRARY = "libc++";
				CLANG_ENABLE_MODULES = YES;
				CLANG_ENABLE_OBJC_ARC = YES;
				CLANG_WARN_BLOCK_CAPTURE_AUTORELEASING = YES;
				CLANG_WARN_BOOL_CONVERSION = YES;
				CLANG_WARN_COMMA = YES;
				CLANG_WARN_CONSTANT_CONVERSION = YES;
				CLANG_WARN_DIRECT_OBJC_ISA_USAGE = YES_ERROR;
				CLANG_WARN_DOCUMENTATION_COMMENTS = YES;
				CLANG_WARN_EMPTY_BODY = YES;
				CLANG_WARN_ENUM_CONVERSION = YES;
				CLANG_WARN_INFINITE_RECURSION = YES;
				CLANG_WARN_INT_CONVERSION = YES;
				CLANG_WARN_NON_LITERAL_NULL_CONVERSION = YES;
				CLANG_WARN_OBJC_LITERAL_CONVERSION = YES;
				CLANG_WARN_OBJC_ROOT_CLASS = YES_ERROR;
				CLANG_WARN_RANGE_LOOP_ANALYSIS = YES;
				CLANG_WARN_STRICT_PROTOTYPES = YES;
				CLANG_WARN_SUSPICIOUS_MOVE = YES;
				CLANG_WARN_UNGUARDED_AVAILABILITY = YES_AGGRESSIVE;
				CLANG_WARN_UNREACHABLE_CODE = YES;
				CLANG_WARN__DUPLICATE_METHOD_MATCH = YES;
				CODE_SIGN_IDENTITY = "iPhone Developer";
				COPY_PHASE_STRIP = NO;
				DEBUG_INFORMATION_FORMAT = "dwarf-with-dsym";
				ENABLE_NS_ASSERTIONS = NO;
				ENABLE_STRICT_OBJC_MSGSEND = YES;
				GCC_C_LANGUAGE_STANDARD = gnu11;
				GCC_NO_COMMON_BLOCKS = YES;
				GCC_WARN_64_TO_32_BIT_CONVERSION = YES;
				GCC_WARN_ABOUT_RETURN_TYPE = YES_ERROR;
				GCC_WARN_UNDECLARED_SELECTOR = YES;
				GCC_WARN_UNINITIALIZED_AUTOS = YES_AGGRESSIVE;
				GCC_WARN_UNUSED_FUNCTION = YES;
				GCC_WARN_UNUSED_VARIABLE = YES;
				IPHONEOS_DEPLOYMENT_TARGET = 11.1;
				MTL_ENABLE_DEBUG_INFO = NO;
				SDKROOT = iphoneos;
				SWIFT_OPTIMIZATION_LEVEL = "-Owholemodule";
				VALIDATE_PRODUCT = YES;
			};
			name = Release;
		};
		9765572E1FAB2C1600070D7A /* Debug */ = {
			isa = XCBuildConfiguration;
			buildSettings = {
				ASSETCATALOG_COMPILER_APPICON_NAME = AppIcon;
				CODE_SIGN_STYLE = Automatic;
				INFOPLIST_FILE = ToDoAppTutorial/Info.plist;
				LD_RUNPATH_SEARCH_PATHS = "$(inherited) @executable_path/Frameworks";
				PRODUCT_BUNDLE_IDENTIFIER = jp.co.setjapan.ToDoAppTutorial;
				PRODUCT_NAME = "$(TARGET_NAME)";
				SWIFT_VERSION = 4.0;
				TARGETED_DEVICE_FAMILY = "1,2";
			};
			name = Debug;
		};
		9765572F1FAB2C1600070D7A /* Release */ = {
			isa = XCBuildConfiguration;
			buildSettings = {
				ASSETCATALOG_COMPILER_APPICON_NAME = AppIcon;
				CODE_SIGN_STYLE = Automatic;
				INFOPLIST_FILE = ToDoAppTutorial/Info.plist;
				LD_RUNPATH_SEARCH_PATHS = "$(inherited) @executable_path/Frameworks";
				PRODUCT_BUNDLE_IDENTIFIER = jp.co.setjapan.ToDoAppTutorial;
				PRODUCT_NAME = "$(TARGET_NAME)";
				SWIFT_VERSION = 4.0;
				TARGETED_DEVICE_FAMILY = "1,2";
			};
			name = Release;
		};
		976557311FAB2C1600070D7A /* Debug */ = {
			isa = XCBuildConfiguration;
			buildSettings = {
				ALWAYS_EMBED_SWIFT_STANDARD_LIBRARIES = YES;
				BUNDLE_LOADER = "$(TEST_HOST)";
				CODE_SIGN_STYLE = Automatic;
				INFOPLIST_FILE = ToDoAppTutorialTests/Info.plist;
				LD_RUNPATH_SEARCH_PATHS = "$(inherited) @executable_path/Frameworks @loader_path/Frameworks";
				PRODUCT_BUNDLE_IDENTIFIER = jp.co.setjapan.ToDoAppTutorialTests;
				PRODUCT_NAME = "$(TARGET_NAME)";
				SWIFT_VERSION = 4.0;
				TARGETED_DEVICE_FAMILY = "1,2";
				TEST_HOST = "$(BUILT_PRODUCTS_DIR)/ToDoAppTutorial.app/ToDoAppTutorial";
			};
			name = Debug;
		};
		976557321FAB2C1600070D7A /* Release */ = {
			isa = XCBuildConfiguration;
			buildSettings = {
				ALWAYS_EMBED_SWIFT_STANDARD_LIBRARIES = YES;
				BUNDLE_LOADER = "$(TEST_HOST)";
				CODE_SIGN_STYLE = Automatic;
				INFOPLIST_FILE = ToDoAppTutorialTests/Info.plist;
				LD_RUNPATH_SEARCH_PATHS = "$(inherited) @executable_path/Frameworks @loader_path/Frameworks";
				PRODUCT_BUNDLE_IDENTIFIER = jp.co.setjapan.ToDoAppTutorialTests;
				PRODUCT_NAME = "$(TARGET_NAME)";
				SWIFT_VERSION = 4.0;
				TARGETED_DEVICE_FAMILY = "1,2";
				TEST_HOST = "$(BUILT_PRODUCTS_DIR)/ToDoAppTutorial.app/ToDoAppTutorial";
			};
			name = Release;
		};
		976557341FAB2C1600070D7A /* Debug */ = {
			isa = XCBuildConfiguration;
			buildSettings = {
				ALWAYS_EMBED_SWIFT_STANDARD_LIBRARIES = YES;
				CODE_SIGN_STYLE = Automatic;
				INFOPLIST_FILE = ToDoAppTutorialUITests/Info.plist;
				LD_RUNPATH_SEARCH_PATHS = "$(inherited) @executable_path/Frameworks @loader_path/Frameworks";
				PRODUCT_BUNDLE_IDENTIFIER = jp.co.setjapan.ToDoAppTutorialUITests;
				PRODUCT_NAME = "$(TARGET_NAME)";
				SWIFT_VERSION = 4.0;
				TARGETED_DEVICE_FAMILY = "1,2";
				TEST_TARGET_NAME = ToDoAppTutorial;
			};
			name = Debug;
		};
		976557351FAB2C1600070D7A /* Release */ = {
			isa = XCBuildConfiguration;
			buildSettings = {
				ALWAYS_EMBED_SWIFT_STANDARD_LIBRARIES = YES;
				CODE_SIGN_STYLE = Automatic;
				INFOPLIST_FILE = ToDoAppTutorialUITests/Info.plist;
				LD_RUNPATH_SEARCH_PATHS = "$(inherited) @executable_path/Frameworks @loader_path/Frameworks";
				PRODUCT_BUNDLE_IDENTIFIER = jp.co.setjapan.ToDoAppTutorialUITests;
				PRODUCT_NAME = "$(TARGET_NAME)";
				SWIFT_VERSION = 4.0;
				TARGETED_DEVICE_FAMILY = "1,2";
				TEST_TARGET_NAME = ToDoAppTutorial;
			};
			name = Release;
		};
/* End XCBuildConfiguration section */

/* Begin XCConfigurationList section */
		976557001FAB2C1500070D7A /* Build configuration list for PBXProject "ToDoAppTutorial" */ = {
			isa = XCConfigurationList;
			buildConfigurations = (
				9765572B1FAB2C1600070D7A /* Debug */,
				9765572C1FAB2C1600070D7A /* Release */,
			);
			defaultConfigurationIsVisible = 0;
			defaultConfigurationName = Release;
		};
		9765572D1FAB2C1600070D7A /* Build configuration list for PBXNativeTarget "ToDoAppTutorial" */ = {
			isa = XCConfigurationList;
			buildConfigurations = (
				9765572E1FAB2C1600070D7A /* Debug */,
				9765572F1FAB2C1600070D7A /* Release */,
			);
			defaultConfigurationIsVisible = 0;
			defaultConfigurationName = Release;
		};
		976557301FAB2C1600070D7A /* Build configuration list for PBXNativeTarget "ToDoAppTutorialTests" */ = {
			isa = XCConfigurationList;
			buildConfigurations = (
				976557311FAB2C1600070D7A /* Debug */,
				976557321FAB2C1600070D7A /* Release */,
			);
			defaultConfigurationIsVisible = 0;
			defaultConfigurationName = Release;
		};
		976557331FAB2C1600070D7A /* Build configuration list for PBXNativeTarget "ToDoAppTutorialUITests" */ = {
			isa = XCConfigurationList;
			buildConfigurations = (
				976557341FAB2C1600070D7A /* Debug */,
				976557351FAB2C1600070D7A /* Release */,
			);
			defaultConfigurationIsVisible = 0;
			defaultConfigurationName = Release;
		};
/* End XCConfigurationList section */
	};
	rootObject = 976556FD1FAB2C1500070D7A /* Project object */;
}
